
Microsoft Visual Studio Solution File, Format Version 12.00
# Visual Studio Version 17
VisualStudioVersion = 17.3.32901.215
MinimumVisualStudioVersion = 10.0.40219.1
Project("{FAE04EC0-301F-11D3-BF4B-00C04F79EFBC}") = "Business", "Business\Business.csproj", "{00714DE7-B8C8-4EB8-A97B-2DE0C7EFFAE6}"
EndProject
Project("{FAE04EC0-301F-11D3-BF4B-00C04F79EFBC}") = "DataAccess", "DataAccess\DataAccess.csproj", "{5369E059-DA3B-405F-B81A-64683DB107DA}"
EndProject
Project("{FAE04EC0-301F-11D3-BF4B-00C04F79EFBC}") = "Entity", "Entity\Entity.csproj", "{4D7642F9-4990-41BF-87D6-FFE21665214B}"
EndProject
Project("{FAE04EC0-301F-11D3-BF4B-00C04F79EFBC}") = "ConsoleUI", "ConsoleUI\ConsoleUI.csproj", "{C02133F0-A264-4C5C-9373-340C3656D127}"
EndProject
Global
	GlobalSection(SolutionConfigurationPlatforms) = preSolution
		Debug|Any CPU = Debug|Any CPU
		Release|Any CPU = Release|Any CPU
	EndGlobalSection
	GlobalSection(ProjectConfigurationPlatforms) = postSolution
		{00714DE7-B8C8-4EB8-A97B-2DE0C7EFFAE6}.Debug|Any CPU.ActiveCfg = Debug|Any CPU
		{00714DE7-B8C8-4EB8-A97B-2DE0C7EFFAE6}.Debug|Any CPU.Build.0 = Debug|Any CPU
		{00714DE7-B8C8-4EB8-A97B-2DE0C7EFFAE6}.Release|Any CPU.ActiveCfg = Release|Any CPU
		{00714DE7-B8C8-4EB8-A97B-2DE0C7EFFAE6}.Release|Any CPU.Build.0 = Release|Any CPU
		{5369E059-DA3B-405F-B81A-64683DB107DA}.Debug|Any CPU.ActiveCfg = Debug|Any CPU
		{5369E059-DA3B-405F-B81A-64683DB107DA}.Debug|Any CPU.Build.0 = Debug|Any CPU
		{5369E059-DA3B-405F-B81A-64683DB107DA}.Release|Any CPU.ActiveCfg = Release|Any CPU
		{5369E059-DA3B-405F-B81A-64683DB107DA}.Release|Any CPU.Build.0 = Release|Any CPU
		{4D7642F9-4990-41BF-87D6-FFE21665214B}.Debug|Any CPU.ActiveCfg = Debug|Any CPU
		{4D7642F9-4990-41BF-87D6-FFE21665214B}.Debug|Any CPU.Build.0 = Debug|Any CPU
		{4D7642F9-4990-41BF-87D6-FFE21665214B}.Release|Any CPU.ActiveCfg = Release|Any CPU
		{4D7642F9-4990-41BF-87D6-FFE21665214B}.Release|Any CPU.Build.0 = Release|Any CPU
		{C02133F0-A264-4C5C-9373-340C3656D127}.Debug|Any CPU.ActiveCfg = Debug|Any CPU
		{C02133F0-A264-4C5C-9373-340C3656D127}.Debug|Any CPU.Build.0 = Debug|Any CPU
		{C02133F0-A264-4C5C-9373-340C3656D127}.Release|Any CPU.ActiveCfg = Release|Any CPU
		{C02133F0-A264-4C5C-9373-340C3656D127}.Release|Any CPU.Build.0 = Release|Any CPU
	EndGlobalSection
	GlobalSection(SolutionProperties) = preSolution
		HideSolutionNode = FALSE
	EndGlobalSection
	GlobalSection(ExtensibilityGlobals) = postSolution
		SolutionGuid = {3BBDB6AF-F898-478B-880C-5065CFCA8DF1}
	EndGlobalSection
EndGlobal
